
Microsoft Visual Studio Solution File, Format Version 12.00
# Visual Studio Version 17
VisualStudioVersion = 17.0.31903.59
MinimumVisualStudioVersion = 10.0.40219.1
Project("{2150E333-8FDC-42A3-9474-1A3956D46DE8}") = "src", "src", "{659735AF-348B-5CE1-9DAF-DD85687389CC}"
EndProject
Project("{2150E333-8FDC-42A3-9474-1A3956D46DE8}") = "tests", "tests", "{A7F76805-4F7B-5D04-A1F6-CAAAF982C179}"
EndProject
Project("{FAE04EC0-301F-11D3-BF4B-00C04F79EFBC}") = "GhostLetters.Domain", "src\GhostLetters.Domain\GhostLetters.Domain.csproj", "{496A3F46-8454-532C-A0DD-9486D23B3609}"
EndProject
Project("{FAE04EC0-301F-11D3-BF4B-00C04F79EFBC}") = "GhostLetters.Application", "src\GhostLetters.Application\GhostLetters.Application.csproj", "{28B7F7AD-5053-5D18-B956-BB63E4E1582F}"
EndProject
Project("{FAE04EC0-301F-11D3-BF4B-00C04F79EFBC}") = "GhostLetters.Infrastructure", "src\GhostLetters.Infrastructure\GhostLetters.Infrastructure.csproj", "{7754FD65-A5C0-5305-B04A-8435028040A5}"
EndProject
Project("{FAE04EC0-301F-11D3-BF4B-00C04F79EFBC}") = "GhostLetters.Api", "src\GhostLetters.Api\GhostLetters.Api.csproj", "{82D85D14-2220-5EB7-B292-6517DC45B916}"
EndProject
Project("{FAE04EC0-301F-11D3-BF4B-00C04F79EFBC}") = "GhostLetters.Domain.Tests", "tests\GhostLetters.Domain.Tests\GhostLetters.Domain.Tests.csproj", "{C43656D7-2197-5BC8-8754-FBCE4FA027E0}"
EndProject
Project("{FAE04EC0-301F-11D3-BF4B-00C04F79EFBC}") = "GhostLetters.Api.Tests", "tests\GhostLetters.Api.Tests\GhostLetters.Api.Tests.csproj", "{88EF7BF9-0906-5029-8337-7085FAEE44BF}"
EndProject
Global
	GlobalSection(SolutionConfigurationPlatforms) = preSolution
		Debug|Any CPU = Debug|Any CPU
		Release|Any CPU = Release|Any CPU
	EndGlobalSection
	GlobalSection(ProjectConfigurationPlatforms) = postSolution
		{496A3F46-8454-532C-A0DD-9486D23B3609}.Debug|Any CPU.ActiveCfg = Debug|Any CPU
		{496A3F46-8454-532C-A0DD-9486D23B3609}.Debug|Any CPU.Build.0 = Debug|Any CPU
		{496A3F46-8454-532C-A0DD-9486D23B3609}.Release|Any CPU.ActiveCfg = Release|Any CPU
		{496A3F46-8454-532C-A0DD-9486D23B3609}.Release|Any CPU.Build.0 = Release|Any CPU
		{28B7F7AD-5053-5D18-B956-BB63E4E1582F}.Debug|Any CPU.ActiveCfg = Debug|Any CPU
		{28B7F7AD-5053-5D18-B956-BB63E4E1582F}.Debug|Any CPU.Build.0 = Debug|Any CPU
		{28B7F7AD-5053-5D18-B956-BB63E4E1582F}.Release|Any CPU.ActiveCfg = Release|Any CPU
		{28B7F7AD-5053-5D18-B956-BB63E4E1582F}.Release|Any CPU.Build.0 = Release|Any CPU
		{7754FD65-A5C0-5305-B04A-8435028040A5}.Debug|Any CPU.ActiveCfg = Debug|Any CPU
		{7754FD65-A5C0-5305-B04A-8435028040A5}.Debug|Any CPU.Build.0 = Debug|Any CPU
		{7754FD65-A5C0-5305-B04A-8435028040A5}.Release|Any CPU.ActiveCfg = Release|Any CPU
		{7754FD65-A5C0-5305-B04A-8435028040A5}.Release|Any CPU.Build.0 = Release|Any CPU
		{82D85D14-2220-5EB7-B292-6517DC45B916}.Debug|Any CPU.ActiveCfg = Debug|Any CPU
		{82D85D14-2220-5EB7-B292-6517DC45B916}.Debug|Any CPU.Build.0 = Debug|Any CPU
		{82D85D14-2220-5EB7-B292-6517DC45B916}.Release|Any CPU.ActiveCfg = Release|Any CPU
		{82D85D14-2220-5EB7-B292-6517DC45B916}.Release|Any CPU.Build.0 = Release|Any CPU
		{C43656D7-2197-5BC8-8754-FBCE4FA027E0}.Debug|Any CPU.ActiveCfg = Debug|Any CPU
		{C43656D7-2197-5BC8-8754-FBCE4FA027E0}.Debug|Any CPU.Build.0 = Debug|Any CPU
		{C43656D7-2197-5BC8-8754-FBCE4FA027E0}.Release|Any CPU.ActiveCfg = Release|Any CPU
		{C43656D7-2197-5BC8-8754-FBCE4FA027E0}.Release|Any CPU.Build.0 = Release|Any CPU
		{88EF7BF9-0906-5029-8337-7085FAEE44BF}.Debug|Any CPU.ActiveCfg = Debug|Any CPU
		{88EF7BF9-0906-5029-8337-7085FAEE44BF}.Debug|Any CPU.Build.0 = Debug|Any CPU
		{88EF7BF9-0906-5029-8337-7085FAEE44BF}.Release|Any CPU.ActiveCfg = Release|Any CPU
		{88EF7BF9-0906-5029-8337-7085FAEE44BF}.Release|Any CPU.Build.0 = Release|Any CPU
	EndGlobalSection
	GlobalSection(SolutionProperties) = preSolution
		HideSolutionNode = FALSE
	EndGlobalSection
	GlobalSection(NestedProjects) = preSolution
		{496A3F46-8454-532C-A0DD-9486D23B3609} = {659735AF-348B-5CE1-9DAF-DD85687389CC}
		{28B7F7AD-5053-5D18-B956-BB63E4E1582F} = {659735AF-348B-5CE1-9DAF-DD85687389CC}
		{7754FD65-A5C0-5305-B04A-8435028040A5} = {659735AF-348B-5CE1-9DAF-DD85687389CC}
		{82D85D14-2220-5EB7-B292-6517DC45B916} = {659735AF-348B-5CE1-9DAF-DD85687389CC}
		{C43656D7-2197-5BC8-8754-FBCE4FA027E0} = {A7F76805-4F7B-5D04-A1F6-CAAAF982C179}
		{88EF7BF9-0906-5029-8337-7085FAEE44BF} = {A7F76805-4F7B-5D04-A1F6-CAAAF982C179}
	EndGlobalSection
EndGlobal
